
Microsoft Visual Studio Solution File, Format Version 12.00
# Visual Studio Version 17
VisualStudioVersion = 17.11.35312.102
MinimumVisualStudioVersion = 10.0.40219.1
Project("{FAE04EC0-301F-11D3-BF4B-00C04F79EFBC}") = "TaskOneMVC", "TaskOneMVC\TaskOneMVC.csproj", "{5FD5B0B5-1469-4D37-9294-DC3515575A28}"
EndProject
Global
	GlobalSection(SolutionConfigurationPlatforms) = preSolution
		Debug|Any CPU = Debug|Any CPU
		Release|Any CPU = Release|Any CPU
	EndGlobalSection
	GlobalSection(ProjectConfigurationPlatforms) = postSolution
		{5FD5B0B5-1469-4D37-9294-DC3515575A28}.Debug|Any CPU.ActiveCfg = Debug|Any CPU
		{5FD5B0B5-1469-4D37-9294-DC3515575A28}.Debug|Any CPU.Build.0 = Debug|Any CPU
		{5FD5B0B5-1469-4D37-9294-DC3515575A28}.Release|Any CPU.ActiveCfg = Release|Any CPU
		{5FD5B0B5-1469-4D37-9294-DC3515575A28}.Release|Any CPU.Build.0 = Release|Any CPU
	EndGlobalSection
	GlobalSection(SolutionProperties) = preSolution
		HideSolutionNode = FALSE
	EndGlobalSection
	GlobalSection(ExtensibilityGlobals) = postSolution
		SolutionGuid = {37DF0C7F-195B-4BAC-95AB-AEBB19D080C4}
	EndGlobalSection
EndGlobal
